
Microsoft Visual Studio Solution File, Format Version 12.00
# Visual Studio Version 17
VisualStudioVersion = 17.4.33213.308
MinimumVisualStudioVersion = 10.0.40219.1
Project("{FAE04EC0-301F-11D3-BF4B-00C04F79EFBC}") = "AirTicketRequests_Coursework", "AirTicketRequests_Coursework\AirTicketRequests_Coursework.csproj", "{FFA3EF02-FCE9-41DC-9B27-CD8FD7636F5F}"
EndProject
Global
	GlobalSection(SolutionConfigurationPlatforms) = preSolution
		Debug|Any CPU = Debug|Any CPU
		Release|Any CPU = Release|Any CPU
	EndGlobalSection
	GlobalSection(ProjectConfigurationPlatforms) = postSolution
		{FFA3EF02-FCE9-41DC-9B27-CD8FD7636F5F}.Debug|Any CPU.ActiveCfg = Debug|Any CPU
		{FFA3EF02-FCE9-41DC-9B27-CD8FD7636F5F}.Debug|Any CPU.Build.0 = Debug|Any CPU
		{FFA3EF02-FCE9-41DC-9B27-CD8FD7636F5F}.Release|Any CPU.ActiveCfg = Release|Any CPU
		{FFA3EF02-FCE9-41DC-9B27-CD8FD7636F5F}.Release|Any CPU.Build.0 = Release|Any CPU
	EndGlobalSection
	GlobalSection(SolutionProperties) = preSolution
		HideSolutionNode = FALSE
	EndGlobalSection
	GlobalSection(ExtensibilityGlobals) = postSolution
		SolutionGuid = {AD1C0DAF-F730-40E3-9403-53F376F0C74A}
	EndGlobalSection
EndGlobal
